
Microsoft Visual Studio Solution File, Format Version 12.00
# Visual Studio Version 17
VisualStudioVersion = 17.11.35208.52
MinimumVisualStudioVersion = 10.0.40219.1
Project("{FAE04EC0-301F-11D3-BF4B-00C04F79EFBC}") = "YumBlazor", "YumBlazor\YumBlazor.csproj", "{A2892587-24F5-4F24-AF3F-6AC532074DAF}"
EndProject
Global
	GlobalSection(SolutionConfigurationPlatforms) = preSolution
		Debug|Any CPU = Debug|Any CPU
		Release|Any CPU = Release|Any CPU
	EndGlobalSection
	GlobalSection(ProjectConfigurationPlatforms) = postSolution
		{A2892587-24F5-4F24-AF3F-6AC532074DAF}.Debug|Any CPU.ActiveCfg = Debug|Any CPU
		{A2892587-24F5-4F24-AF3F-6AC532074DAF}.Debug|Any CPU.Build.0 = Debug|Any CPU
		{A2892587-24F5-4F24-AF3F-6AC532074DAF}.Release|Any CPU.ActiveCfg = Release|Any CPU
		{A2892587-24F5-4F24-AF3F-6AC532074DAF}.Release|Any CPU.Build.0 = Release|Any CPU
	EndGlobalSection
	GlobalSection(SolutionProperties) = preSolution
		HideSolutionNode = FALSE
	EndGlobalSection
	GlobalSection(ExtensibilityGlobals) = postSolution
		SolutionGuid = {C5C9F6F1-68B6-4340-B1FC-93DAA5B4F971}
	EndGlobalSection
EndGlobal
